Microsoft Visual Studio Solution File, Format Version 12.00
# Visual Studio 14
VisualStudioVersion = 14.0.23107.0
MinimumVisualStudioVersion = 10.0.40219.1
Project("{F2A71F9B-5D33-465A-A702-920D77279786}") = "Problem 1", "Problem 1\Problem 1.fsproj", "{752FADF5-DD17-4A8D-A467-02850B631025}"
EndProject
Project("{F2A71F9B-5D33-465A-A702-920D77279786}") = "Common", "Common\Common\Common.fsproj", "{8C245673-DBD6-4652-87F4-AFED8F0B4E70}"
EndProject
Project("{F2A71F9B-5D33-465A-A702-920D77279786}") = "Problem 2", "Problem 2\Problem 2.fsproj", "{4AF16678-8E05-4D5E-B63E-48A6ECDEEA31}"
EndProject
Project("{F2A71F9B-5D33-465A-A702-920D77279786}") = "Problem 3", "Problem 3\Problem 3.fsproj", "{991A6ADD-4376-448A-8182-E32493A95D97}"
EndProject
Project("{F2A71F9B-5D33-465A-A702-920D77279786}") = "Problem 4", "Problem 4\Problem 4.fsproj", "{076B85C0-3653-49D9-AF7A-A6911D432F48}"
EndProject
Project("{F2A71F9B-5D33-465A-A702-920D77279786}") = "Problem 5", "Problem 5\Problem 5.fsproj", "{5BC90209-4684-42BC-8B41-CF66FF955C16}"
EndProject
Project("{F2A71F9B-5D33-465A-A702-920D77279786}") = "Problem 6", "Problem 6\Problem 6.fsproj", "{F0FDA706-1EC4-4584-98A7-34AB400F4EE6}"
EndProject
Project("{F2A71F9B-5D33-465A-A702-920D77279786}") = "Problem 7", "Problem 7\Problem 7.fsproj", "{6E66AAF1-8E46-47D3-B526-B84913165A39}"
EndProject
Project("{F2A71F9B-5D33-465A-A702-920D77279786}") = "Problem 8", "Problem 8\Problem 8.fsproj", "{A9817226-8041-458B-B039-C2F152CA519D}"
EndProject
Project("{F2A71F9B-5D33-465A-A702-920D77279786}") = "Problem 9", "Problem 9\Problem 9.fsproj", "{E69500FF-0F59-446A-BFDC-706C185610BA}"
EndProject
Project("{F2A71F9B-5D33-465A-A702-920D77279786}") = "Project 10", "Project 10\Project 10.fsproj", "{30E519C0-B64B-4011-93FC-B11F76A35569}"
EndProject
Project("{F2A71F9B-5D33-465A-A702-920D77279786}") = "Problem 11", "Problem 11\Problem 11.fsproj", "{7094A50C-7C88-4673-A1D5-F85911B24036}"
EndProject
Project("{2150E333-8FDC-42A3-9474-1A3956D46DE8}") = "Problems 1-10", "Problems 1-10", "{0B79C95F-D6B2-4CA1-BC86-FE3E6D22EDF9}"
EndProject
Project("{2150E333-8FDC-42A3-9474-1A3956D46DE8}") = "Problems 11-20", "Problems 11-20", "{45A3AB52-01D0-49E8-9298-BFCA48FB401E}"
EndProject
Project("{F2A71F9B-5D33-465A-A702-920D77279786}") = "Problem 12", "Problem 12\Problem 12.fsproj", "{D2587FA9-780D-41F8-B5A5-2FCD6E92A308}"
EndProject
Project("{F2A71F9B-5D33-465A-A702-920D77279786}") = "Problem 13", "Problem 13\Problem 13.fsproj", "{14BA25E5-774C-47B6-97D9-88C60F710357}"
EndProject
Project("{F2A71F9B-5D33-465A-A702-920D77279786}") = "Problem 14", "Problem 14\Problem 14.fsproj", "{CB89ED7D-2D14-4673-97AA-F084FC68D249}"
EndProject
Project("{F2A71F9B-5D33-465A-A702-920D77279786}") = "Problem 15", "Problem 15\Problem 15.fsproj", "{E78E4FAF-83C1-4DC6-8A70-13B04645347B}"
EndProject
Global
	GlobalSection(SolutionConfigurationPlatforms) = preSolution
		Debug|Any CPU = Debug|Any CPU
		Release|Any CPU = Release|Any CPU
	EndGlobalSection
	GlobalSection(ProjectConfigurationPlatforms) = postSolution
		{752FADF5-DD17-4A8D-A467-02850B631025}.Debug|Any CPU.ActiveCfg = Debug|Any CPU
		{752FADF5-DD17-4A8D-A467-02850B631025}.Debug|Any CPU.Build.0 = Debug|Any CPU
		{752FADF5-DD17-4A8D-A467-02850B631025}.Release|Any CPU.ActiveCfg = Release|Any CPU
		{752FADF5-DD17-4A8D-A467-02850B631025}.Release|Any CPU.Build.0 = Release|Any CPU
		{8C245673-DBD6-4652-87F4-AFED8F0B4E70}.Debug|Any CPU.ActiveCfg = Debug|Any CPU
		{8C245673-DBD6-4652-87F4-AFED8F0B4E70}.Debug|Any CPU.Build.0 = Debug|Any CPU
		{8C245673-DBD6-4652-87F4-AFED8F0B4E70}.Release|Any CPU.ActiveCfg = Release|Any CPU
		{8C245673-DBD6-4652-87F4-AFED8F0B4E70}.Release|Any CPU.Build.0 = Release|Any CPU
		{4AF16678-8E05-4D5E-B63E-48A6ECDEEA31}.Debug|Any CPU.ActiveCfg = Debug|Any CPU
		{4AF16678-8E05-4D5E-B63E-48A6ECDEEA31}.Debug|Any CPU.Build.0 = Debug|Any CPU
		{4AF16678-8E05-4D5E-B63E-48A6ECDEEA31}.Release|Any CPU.ActiveCfg = Release|Any CPU
		{4AF16678-8E05-4D5E-B63E-48A6ECDEEA31}.Release|Any CPU.Build.0 = Release|Any CPU
		{991A6ADD-4376-448A-8182-E32493A95D97}.Debug|Any CPU.ActiveCfg = Debug|Any CPU
		{991A6ADD-4376-448A-8182-E32493A95D97}.Debug|Any CPU.Build.0 = Debug|Any CPU
		{991A6ADD-4376-448A-8182-E32493A95D97}.Release|Any CPU.ActiveCfg = Release|Any CPU
		{991A6ADD-4376-448A-8182-E32493A95D97}.Release|Any CPU.Build.0 = Release|Any CPU
		{076B85C0-3653-49D9-AF7A-A6911D432F48}.Debug|Any CPU.ActiveCfg = Debug|Any CPU
		{076B85C0-3653-49D9-AF7A-A6911D432F48}.Debug|Any CPU.Build.0 = Debug|Any CPU
		{076B85C0-3653-49D9-AF7A-A6911D432F48}.Release|Any CPU.ActiveCfg = Release|Any CPU
		{076B85C0-3653-49D9-AF7A-A6911D432F48}.Release|Any CPU.Build.0 = Release|Any CPU
		{5BC90209-4684-42BC-8B41-CF66FF955C16}.Debug|Any CPU.ActiveCfg = Debug|Any CPU
		{5BC90209-4684-42BC-8B41-CF66FF955C16}.Debug|Any CPU.Build.0 = Debug|Any CPU
		{5BC90209-4684-42BC-8B41-CF66FF955C16}.Release|Any CPU.ActiveCfg = Release|Any CPU
		{5BC90209-4684-42BC-8B41-CF66FF955C16}.Release|Any CPU.Build.0 = Release|Any CPU
		{F0FDA706-1EC4-4584-98A7-34AB400F4EE6}.Debug|Any CPU.ActiveCfg = Debug|Any CPU
		{F0FDA706-1EC4-4584-98A7-34AB400F4EE6}.Debug|Any CPU.Build.0 = Debug|Any CPU
		{F0FDA706-1EC4-4584-98A7-34AB400F4EE6}.Release|Any CPU.ActiveCfg = Release|Any CPU
		{F0FDA706-1EC4-4584-98A7-34AB400F4EE6}.Release|Any CPU.Build.0 = Release|Any CPU
		{6E66AAF1-8E46-47D3-B526-B84913165A39}.Debug|Any CPU.ActiveCfg = Debug|Any CPU
		{6E66AAF1-8E46-47D3-B526-B84913165A39}.Debug|Any CPU.Build.0 = Debug|Any CPU
		{6E66AAF1-8E46-47D3-B526-B84913165A39}.Release|Any CPU.ActiveCfg = Release|Any CPU
		{6E66AAF1-8E46-47D3-B526-B84913165A39}.Release|Any CPU.Build.0 = Release|Any CPU
		{A9817226-8041-458B-B039-C2F152CA519D}.Debug|Any CPU.ActiveCfg = Debug|Any CPU
		{A9817226-8041-458B-B039-C2F152CA519D}.Debug|Any CPU.Build.0 = Debug|Any CPU
		{A9817226-8041-458B-B039-C2F152CA519D}.Release|Any CPU.ActiveCfg = Release|Any CPU
		{A9817226-8041-458B-B039-C2F152CA519D}.Release|Any CPU.Build.0 = Release|Any CPU
		{E69500FF-0F59-446A-BFDC-706C185610BA}.Debug|Any CPU.ActiveCfg = Debug|Any CPU
		{E69500FF-0F59-446A-BFDC-706C185610BA}.Debug|Any CPU.Build.0 = Debug|Any CPU
		{E69500FF-0F59-446A-BFDC-706C185610BA}.Release|Any CPU.ActiveCfg = Release|Any CPU
		{E69500FF-0F59-446A-BFDC-706C185610BA}.Release|Any CPU.Build.0 = Release|Any CPU
		{30E519C0-B64B-4011-93FC-B11F76A35569}.Debug|Any CPU.ActiveCfg = Debug|Any CPU
		{30E519C0-B64B-4011-93FC-B11F76A35569}.Debug|Any CPU.Build.0 = Debug|Any CPU
		{30E519C0-B64B-4011-93FC-B11F76A35569}.Release|Any CPU.ActiveCfg = Release|Any CPU
		{30E519C0-B64B-4011-93FC-B11F76A35569}.Release|Any CPU.Build.0 = Release|Any CPU
		{7094A50C-7C88-4673-A1D5-F85911B24036}.Debug|Any CPU.ActiveCfg = Debug|Any CPU
		{7094A50C-7C88-4673-A1D5-F85911B24036}.Debug|Any CPU.Build.0 = Debug|Any CPU
		{7094A50C-7C88-4673-A1D5-F85911B24036}.Release|Any CPU.ActiveCfg = Release|Any CPU
		{7094A50C-7C88-4673-A1D5-F85911B24036}.Release|Any CPU.Build.0 = Release|Any CPU
		{D2587FA9-780D-41F8-B5A5-2FCD6E92A308}.Debug|Any CPU.ActiveCfg = Debug|Any CPU
		{D2587FA9-780D-41F8-B5A5-2FCD6E92A308}.Debug|Any CPU.Build.0 = Debug|Any CPU
		{D2587FA9-780D-41F8-B5A5-2FCD6E92A308}.Release|Any CPU.ActiveCfg = Release|Any CPU
		{D2587FA9-780D-41F8-B5A5-2FCD6E92A308}.Release|Any CPU.Build.0 = Release|Any CPU
		{14BA25E5-774C-47B6-97D9-88C60F710357}.Debug|Any CPU.ActiveCfg = Debug|Any CPU
		{14BA25E5-774C-47B6-97D9-88C60F710357}.Debug|Any CPU.Build.0 = Debug|Any CPU
		{14BA25E5-774C-47B6-97D9-88C60F710357}.Release|Any CPU.ActiveCfg = Release|Any CPU
		{14BA25E5-774C-47B6-97D9-88C60F710357}.Release|Any CPU.Build.0 = Release|Any CPU
		{CB89ED7D-2D14-4673-97AA-F084FC68D249}.Debug|Any CPU.ActiveCfg = Debug|Any CPU
		{CB89ED7D-2D14-4673-97AA-F084FC68D249}.Debug|Any CPU.Build.0 = Debug|Any CPU
		{CB89ED7D-2D14-4673-97AA-F084FC68D249}.Release|Any CPU.ActiveCfg = Release|Any CPU
		{CB89ED7D-2D14-4673-97AA-F084FC68D249}.Release|Any CPU.Build.0 = Release|Any CPU
		{E78E4FAF-83C1-4DC6-8A70-13B04645347B}.Debug|Any CPU.ActiveCfg = Debug|Any CPU
		{E78E4FAF-83C1-4DC6-8A70-13B04645347B}.Debug|Any CPU.Build.0 = Debug|Any CPU
		{E78E4FAF-83C1-4DC6-8A70-13B04645347B}.Release|Any CPU.ActiveCfg = Release|Any CPU
		{E78E4FAF-83C1-4DC6-8A70-13B04645347B}.Release|Any CPU.Build.0 = Release|Any CPU
	EndGlobalSection
	GlobalSection(SolutionProperties) = preSolution
		HideSolutionNode = FALSE
	EndGlobalSection
	GlobalSection(NestedProjects) = preSolution
		{752FADF5-DD17-4A8D-A467-02850B631025} = {0B79C95F-D6B2-4CA1-BC86-FE3E6D22EDF9}
		{4AF16678-8E05-4D5E-B63E-48A6ECDEEA31} = {0B79C95F-D6B2-4CA1-BC86-FE3E6D22EDF9}
		{991A6ADD-4376-448A-8182-E32493A95D97} = {0B79C95F-D6B2-4CA1-BC86-FE3E6D22EDF9}
		{076B85C0-3653-49D9-AF7A-A6911D432F48} = {0B79C95F-D6B2-4CA1-BC86-FE3E6D22EDF9}
		{5BC90209-4684-42BC-8B41-CF66FF955C16} = {0B79C95F-D6B2-4CA1-BC86-FE3E6D22EDF9}
		{F0FDA706-1EC4-4584-98A7-34AB400F4EE6} = {0B79C95F-D6B2-4CA1-BC86-FE3E6D22EDF9}
		{6E66AAF1-8E46-47D3-B526-B84913165A39} = {0B79C95F-D6B2-4CA1-BC86-FE3E6D22EDF9}
		{A9817226-8041-458B-B039-C2F152CA519D} = {0B79C95F-D6B2-4CA1-BC86-FE3E6D22EDF9}
		{E69500FF-0F59-446A-BFDC-706C185610BA} = {0B79C95F-D6B2-4CA1-BC86-FE3E6D22EDF9}
		{30E519C0-B64B-4011-93FC-B11F76A35569} = {0B79C95F-D6B2-4CA1-BC86-FE3E6D22EDF9}
		{7094A50C-7C88-4673-A1D5-F85911B24036} = {45A3AB52-01D0-49E8-9298-BFCA48FB401E}
		{D2587FA9-780D-41F8-B5A5-2FCD6E92A308} = {45A3AB52-01D0-49E8-9298-BFCA48FB401E}
		{14BA25E5-774C-47B6-97D9-88C60F710357} = {45A3AB52-01D0-49E8-9298-BFCA48FB401E}
		{CB89ED7D-2D14-4673-97AA-F084FC68D249} = {45A3AB52-01D0-49E8-9298-BFCA48FB401E}
		{E78E4FAF-83C1-4DC6-8A70-13B04645347B} = {45A3AB52-01D0-49E8-9298-BFCA48FB401E}
	EndGlobalSection
EndGlobal
